
Microsoft Visual Studio Solution File, Format Version 12.00
# Visual Studio Version 16
VisualStudioVersion = 16.0.31025.194
MinimumVisualStudioVersion = 10.0.40219.1
Project("{FAE04EC0-301F-11D3-BF4B-00C04F79EFBC}") = "CarRental", "CarRental\CarRental.csproj", "{E1C2D1C1-B5FF-406A-838D-6FD5679B0036}"
EndProject
Global
	GlobalSection(SolutionConfigurationPlatforms) = preSolution
		Debug|Any CPU = Debug|Any CPU
		Release|Any CPU = Release|Any CPU
	EndGlobalSection
	GlobalSection(ProjectConfigurationPlatforms) = postSolution
		{E1C2D1C1-B5FF-406A-838D-6FD5679B0036}.Debug|Any CPU.ActiveCfg = Debug|Any CPU
		{E1C2D1C1-B5FF-406A-838D-6FD5679B0036}.Debug|Any CPU.Build.0 = Debug|Any CPU
		{E1C2D1C1-B5FF-406A-838D-6FD5679B0036}.Release|Any CPU.ActiveCfg = Release|Any CPU
		{E1C2D1C1-B5FF-406A-838D-6FD5679B0036}.Release|Any CPU.Build.0 = Release|Any CPU
	EndGlobalSection
	GlobalSection(SolutionProperties) = preSolution
		HideSolutionNode = FALSE
	EndGlobalSection
	GlobalSection(ExtensibilityGlobals) = postSolution
		SolutionGuid = {4E9DEEF0-A15C-4A4D-B118-18ED5EBCB83D}
	EndGlobalSection
EndGlobal
